
Microsoft Visual Studio Solution File, Format Version 12.00
# Visual Studio Version 16
VisualStudioVersion = 16.0.32228.343
MinimumVisualStudioVersion = 10.0.40219.1
Project("{9A19103F-16F7-4668-BE54-9A1E7A4F7556}") = "SecApiFinancialDataService", "SecApiFinancialDataService\SecApiFinancialDataService.csproj", "{FFCFE2DB-086F-48E9-8CA1-52E8B21B5F13}"
EndProject
Project("{9A19103F-16F7-4668-BE54-9A1E7A4F7556}") = "SecApiFinancialDataService.Tests", "SecApiFinancialDataService.Tests\SecApiFinancialDataService.Tests.csproj", "{4A9C4A88-9D8F-4DFE-8C39-5A144037CE8A}"
EndProject
Global
	GlobalSection(SolutionConfigurationPlatforms) = preSolution
		Debug|Any CPU = Debug|Any CPU
		Release|Any CPU = Release|Any CPU
	EndGlobalSection
	GlobalSection(ProjectConfigurationPlatforms) = postSolution
		{FFCFE2DB-086F-48E9-8CA1-52E8B21B5F13}.Debug|Any CPU.ActiveCfg = Debug|Any CPU
		{FFCFE2DB-086F-48E9-8CA1-52E8B21B5F13}.Debug|Any CPU.Build.0 = Debug|Any CPU
		{FFCFE2DB-086F-48E9-8CA1-52E8B21B5F13}.Release|Any CPU.ActiveCfg = Release|Any CPU
		{FFCFE2DB-086F-48E9-8CA1-52E8B21B5F13}.Release|Any CPU.Build.0 = Release|Any CPU
		{4A9C4A88-9D8F-4DFE-8C39-5A144037CE8A}.Debug|Any CPU.ActiveCfg = Debug|Any CPU
		{4A9C4A88-9D8F-4DFE-8C39-5A144037CE8A}.Debug|Any CPU.Build.0 = Debug|Any CPU
		{4A9C4A88-9D8F-4DFE-8C39-5A144037CE8A}.Release|Any CPU.ActiveCfg = Release|Any CPU
		{4A9C4A88-9D8F-4DFE-8C39-5A144037CE8A}.Release|Any CPU.Build.0 = Release|Any CPU
	EndGlobalSection
	GlobalSection(SolutionProperties) = preSolution
		HideSolutionNode = FALSE
	EndGlobalSection
	GlobalSection(ExtensibilityGlobals) = postSolution
		SolutionGuid = {3118CA7A-06D4-4D49-BB47-4BD1840CD926}
	EndGlobalSection
EndGlobal
